
Microsoft Visual Studio Solution File, Format Version 12.00
# Visual Studio Version 16
VisualStudioVersion = 16.0.30804.86
MinimumVisualStudioVersion = 10.0.40219.1
Project("{9A19103F-16F7-4668-BE54-9A1E7A4F7556}") = "CovidTesting", "CovidTesting\CovidTesting.csproj", "{49144E67-DE12-440F-BF2C-D871977D304E}"
EndProject
Project("{9A19103F-16F7-4668-BE54-9A1E7A4F7556}") = "CovidTesting.UTILS", "CovidTesting.UTILS\CovidTesting.UTILS.csproj", "{525E3377-A814-49BC-8CA6-7C9DC01B1B72}"
EndProject
Project("{9A19103F-16F7-4668-BE54-9A1E7A4F7556}") = "CovidTesting.DB", "CovidTesting.DB\CovidTesting.DB.csproj", "{FE8B8B68-1848-4941-A341-49C643289FF6}"
EndProject
Project("{2150E333-8FDC-42A3-9474-1A3956D46DE8}") = "Solution Items", "Solution Items", "{41BDE979-EB6B-4B26-9A0A-7946F5BC7863}"
	ProjectSection(SolutionItems) = preProject
		.editorconfig = .editorconfig
	EndProjectSection
EndProject
Global
	GlobalSection(SolutionConfigurationPlatforms) = preSolution
		Debug|Any CPU = Debug|Any CPU
		Release|Any CPU = Release|Any CPU
	EndGlobalSection
	GlobalSection(ProjectConfigurationPlatforms) = postSolution
		{49144E67-DE12-440F-BF2C-D871977D304E}.Debug|Any CPU.ActiveCfg = Debug|Any CPU
		{49144E67-DE12-440F-BF2C-D871977D304E}.Debug|Any CPU.Build.0 = Debug|Any CPU
		{49144E67-DE12-440F-BF2C-D871977D304E}.Release|Any CPU.ActiveCfg = Release|Any CPU
		{49144E67-DE12-440F-BF2C-D871977D304E}.Release|Any CPU.Build.0 = Release|Any CPU
		{525E3377-A814-49BC-8CA6-7C9DC01B1B72}.Debug|Any CPU.ActiveCfg = Debug|Any CPU
		{525E3377-A814-49BC-8CA6-7C9DC01B1B72}.Debug|Any CPU.Build.0 = Debug|Any CPU
		{525E3377-A814-49BC-8CA6-7C9DC01B1B72}.Release|Any CPU.ActiveCfg = Release|Any CPU
		{525E3377-A814-49BC-8CA6-7C9DC01B1B72}.Release|Any CPU.Build.0 = Release|Any CPU
		{FE8B8B68-1848-4941-A341-49C643289FF6}.Debug|Any CPU.ActiveCfg = Debug|Any CPU
		{FE8B8B68-1848-4941-A341-49C643289FF6}.Debug|Any CPU.Build.0 = Debug|Any CPU
		{FE8B8B68-1848-4941-A341-49C643289FF6}.Release|Any CPU.ActiveCfg = Release|Any CPU
		{FE8B8B68-1848-4941-A341-49C643289FF6}.Release|Any CPU.Build.0 = Release|Any CPU
	EndGlobalSection
	GlobalSection(SolutionProperties) = preSolution
		HideSolutionNode = FALSE
	EndGlobalSection
	GlobalSection(ExtensibilityGlobals) = postSolution
		SolutionGuid = {D6D787A2-38E4-499E-A104-2EA036773605}
	EndGlobalSection
EndGlobal
